PODS:
  - BrightFutures (3.3.0):
    - Result (~> 1.0)
  - Charts (2.2.3):
    - Charts/Core (= 2.2.3)
  - Charts/Core (2.2.3)
  - CSwiftV (0.0.3)
  - JSONJoy-Swift (2.0.0)
  - Result (1.0.2)
  - SnapKit (0.19.1)
  - SwiftHTTP (1.0.4)
  - SwiftyJSON (2.3.2)

DEPENDENCIES:
  - BrightFutures (= 3.3.0)
  - Charts (= 2.2.3)
  - CSwiftV (= 0.0.3)
  - JSONJoy-Swift (= 2.0.0)
  - SnapKit (= 0.19.1)
  - SwiftHTTP (= 1.0.4)
  - SwiftyJSON (= 2.3.2)

SPEC CHECKSUMS:
  BrightFutures: f4b491b3107487a0469973a74f81f334eb0ed60a
  Charts: f54267bb3f0f0e74520c6f248517cf5074dfd6fc
  CSwiftV: 93e3d4e1501f2a9b1eac3ae51d53a5edf41beb5b
  JSONJoy-Swift: 9dc31dfb9e551c3ae7781513a86e369598102653
  Result: dd3dd71af3fa2e262f1a999e14fba2c25ec14f16
  SnapKit: eff58d6e3451bf2f482db2eccf86aecf371dc62d
  SwiftHTTP: 7e084af3bf628b17589c7b61a9df8750947a9813
  SwiftyJSON: 04ccea08915aa0109039157c7974cf0298da292a

COCOAPODS: 0.39.0
